PODS:
  - Capacitor (6.0.0-rc.0):
    - CapacitorCordova
  - CapacitorCordova (6.0.0-rc.0)

DEPENDENCIES:
  - "Capacitor (from `../../../../node_modules/.pnpm/@capacitor+ios@6.0.0-rc.0_@capacitor+core@6.0.0-rc.0/node_modules/@capacitor/ios`)"
  - "CapacitorCordova (from `../../../../node_modules/.pnpm/@capacitor+ios@6.0.0-rc.0_@capacitor+core@6.0.0-rc.0/node_modules/@capacitor/ios`)"

EXTERNAL SOURCES:
  Capacitor:
    :path: "../../../../node_modules/.pnpm/@capacitor+ios@6.0.0-rc.0_@capacitor+core@6.0.0-rc.0/node_modules/@capacitor/ios"
  CapacitorCordova:
    :path: "../../../../node_modules/.pnpm/@capacitor+ios@6.0.0-rc.0_@capacitor+core@6.0.0-rc.0/node_modules/@capacitor/ios"

SPEC CHECKSUMS:
  Capacitor: c5b8b4e73032b078db259f1bbe71afd09fd84250
  CapacitorCordova: e8930c71b1bf90e793253f3057b3354a88ed83b3

PODFILE CHECKSUM: 8982ac2bb7c97978308fb0a990bb1a74b095d95a

COCOAPODS: 1.14.3
